
Microsoft Visual Studio Solution File, Format Version 12.00
# Visual Studio Version 16
VisualStudioVersion = 16.0.30907.101
MinimumVisualStudioVersion = 10.0.40219.1
Project("{FAE04EC0-301F-11D3-BF4B-00C04F79EFBC}") = "DongolOfLegends.UI", "DongolOfLegends.UI\DongolOfLegends.UI.csproj", "{0FDB8891-D771-4F5D-900F-D4AC6438B397}"
EndProject
Project("{9A19103F-16F7-4668-BE54-9A1E7A4F7556}") = "DongolOfLegends.API.Models", "..\DongolOfLegends.API\DongolOfLegends.API.Models\DongolOfLegends.API.Models.csproj", "{DF8F040F-0FC8-4F1D-93F2-C4336DED17D0}"
EndProject
Global
	GlobalSection(SolutionConfigurationPlatforms) = preSolution
		Debug|Any CPU = Debug|Any CPU
		Release|Any CPU = Release|Any CPU
	EndGlobalSection
	GlobalSection(ProjectConfigurationPlatforms) = postSolution
		{0FDB8891-D771-4F5D-900F-D4AC6438B397}.Debug|Any CPU.ActiveCfg = Debug|Any CPU
		{0FDB8891-D771-4F5D-900F-D4AC6438B397}.Debug|Any CPU.Build.0 = Debug|Any CPU
		{0FDB8891-D771-4F5D-900F-D4AC6438B397}.Release|Any CPU.ActiveCfg = Release|Any CPU
		{0FDB8891-D771-4F5D-900F-D4AC6438B397}.Release|Any CPU.Build.0 = Release|Any CPU
		{DF8F040F-0FC8-4F1D-93F2-C4336DED17D0}.Debug|Any CPU.ActiveCfg = Debug|Any CPU
		{DF8F040F-0FC8-4F1D-93F2-C4336DED17D0}.Debug|Any CPU.Build.0 = Debug|Any CPU
		{DF8F040F-0FC8-4F1D-93F2-C4336DED17D0}.Release|Any CPU.ActiveCfg = Release|Any CPU
		{DF8F040F-0FC8-4F1D-93F2-C4336DED17D0}.Release|Any CPU.Build.0 = Release|Any CPU
	EndGlobalSection
	GlobalSection(SolutionProperties) = preSolution
		HideSolutionNode = FALSE
	EndGlobalSection
	GlobalSection(ExtensibilityGlobals) = postSolution
		SolutionGuid = {C1C78D84-DB08-4981-BD96-1166EB0A5661}
	EndGlobalSection
EndGlobal
